
Microsoft Visual Studio Solution File, Format Version 12.00
# Visual Studio Version 16
VisualStudioVersion = 16.0.31515.178
MinimumVisualStudioVersion = 10.0.40219.1
Project("{FAE04EC0-301F-11D3-BF4B-00C04F79EFBC}") = "XamarinApp_Part1__.Android", "XamarinApp_Part1__.Android\XamarinApp_Part1__.Android.csproj", "{30032BCD-367A-47DF-A1EC-7B16A29664E7}"
EndProject
Project("{FAE04EC0-301F-11D3-BF4B-00C04F79EFBC}") = "XamarinApp_Part1__.iOS", "XamarinApp_Part1__.iOS\XamarinApp_Part1__.iOS.csproj", "{A6AFC1E6-3628-4634-9F5E-CE50D65D5BF7}"
EndProject
Project("{FAE04EC0-301F-11D3-BF4B-00C04F79EFBC}") = "XamarinApp_Part1__", "XamarinApp_Part1__\XamarinApp_Part1__.csproj", "{DB20525C-B554-4A62-8D9E-124D09D0E4FA}"
EndProject
Global
	GlobalSection(SolutionConfigurationPlatforms) = preSolution
		Debug|Any CPU = Debug|Any CPU
		Debug|iPhone = Debug|iPhone
		Debug|iPhoneSimulator = Debug|iPhoneSimulator
		Release|Any CPU = Release|Any CPU
		Release|iPhone = Release|iPhone
		Release|iPhoneSimulator = Release|iPhoneSimulator
	EndGlobalSection
	GlobalSection(ProjectConfigurationPlatforms) = postSolution
		{30032BCD-367A-47DF-A1EC-7B16A29664E7}.Debug|Any CPU.ActiveCfg = Debug|Any CPU
		{30032BCD-367A-47DF-A1EC-7B16A29664E7}.Debug|Any CPU.Build.0 = Debug|Any CPU
		{30032BCD-367A-47DF-A1EC-7B16A29664E7}.Debug|Any CPU.Deploy.0 = Debug|Any CPU
		{30032BCD-367A-47DF-A1EC-7B16A29664E7}.Debug|iPhone.ActiveCfg = Debug|Any CPU
		{30032BCD-367A-47DF-A1EC-7B16A29664E7}.Debug|iPhone.Build.0 = Debug|Any CPU
		{30032BCD-367A-47DF-A1EC-7B16A29664E7}.Debug|iPhone.Deploy.0 = Debug|Any CPU
		{30032BCD-367A-47DF-A1EC-7B16A29664E7}.Debug|iPhoneSimulator.ActiveCfg = Debug|Any CPU
		{30032BCD-367A-47DF-A1EC-7B16A29664E7}.Debug|iPhoneSimulator.Build.0 = Debug|Any CPU
		{30032BCD-367A-47DF-A1EC-7B16A29664E7}.Debug|iPhoneSimulator.Deploy.0 = Debug|Any CPU
		{30032BCD-367A-47DF-A1EC-7B16A29664E7}.Release|Any CPU.ActiveCfg = Release|Any CPU
		{30032BCD-367A-47DF-A1EC-7B16A29664E7}.Release|Any CPU.Build.0 = Release|Any CPU
		{30032BCD-367A-47DF-A1EC-7B16A29664E7}.Release|Any CPU.Deploy.0 = Release|Any CPU
		{30032BCD-367A-47DF-A1EC-7B16A29664E7}.Release|iPhone.ActiveCfg = Release|Any CPU
		{30032BCD-367A-47DF-A1EC-7B16A29664E7}.Release|iPhone.Build.0 = Release|Any CPU
		{30032BCD-367A-47DF-A1EC-7B16A29664E7}.Release|iPhone.Deploy.0 = Release|Any CPU
		{30032BCD-367A-47DF-A1EC-7B16A29664E7}.Release|iPhoneSimulator.ActiveCfg = Release|Any CPU
		{30032BCD-367A-47DF-A1EC-7B16A29664E7}.Release|iPhoneSimulator.Build.0 = Release|Any CPU
		{30032BCD-367A-47DF-A1EC-7B16A29664E7}.Release|iPhoneSimulator.Deploy.0 = Release|Any CPU
		{A6AFC1E6-3628-4634-9F5E-CE50D65D5BF7}.Debug|Any CPU.ActiveCfg = Debug|iPhone
		{A6AFC1E6-3628-4634-9F5E-CE50D65D5BF7}.Debug|Any CPU.Build.0 = Debug|iPhone
		{A6AFC1E6-3628-4634-9F5E-CE50D65D5BF7}.Debug|Any CPU.Deploy.0 = Debug|iPhone
		{A6AFC1E6-3628-4634-9F5E-CE50D65D5BF7}.Debug|iPhone.ActiveCfg = Debug|iPhone
		{A6AFC1E6-3628-4634-9F5E-CE50D65D5BF7}.Debug|iPhone.Build.0 = Debug|iPhone
		{A6AFC1E6-3628-4634-9F5E-CE50D65D5BF7}.Debug|iPhone.Deploy.0 = Debug|iPhone
		{A6AFC1E6-3628-4634-9F5E-CE50D65D5BF7}.Debug|iPhoneSimulator.ActiveCfg = Debug|iPhoneSimulator
		{A6AFC1E6-3628-4634-9F5E-CE50D65D5BF7}.Debug|iPhoneSimulator.Build.0 = Debug|iPhoneSimulator
		{A6AFC1E6-3628-4634-9F5E-CE50D65D5BF7}.Debug|iPhoneSimulator.Deploy.0 = Debug|iPhoneSimulator
		{A6AFC1E6-3628-4634-9F5E-CE50D65D5BF7}.Release|Any CPU.ActiveCfg = Release|iPhoneSimulator
		{A6AFC1E6-3628-4634-9F5E-CE50D65D5BF7}.Release|Any CPU.Build.0 = Release|iPhoneSimulator
		{A6AFC1E6-3628-4634-9F5E-CE50D65D5BF7}.Release|Any CPU.Deploy.0 = Release|iPhoneSimulator
		{A6AFC1E6-3628-4634-9F5E-CE50D65D5BF7}.Release|iPhone.ActiveCfg = Release|iPhone
		{A6AFC1E6-3628-4634-9F5E-CE50D65D5BF7}.Release|iPhone.Build.0 = Release|iPhone
		{A6AFC1E6-3628-4634-9F5E-CE50D65D5BF7}.Release|iPhone.Deploy.0 = Release|iPhone
		{A6AFC1E6-3628-4634-9F5E-CE50D65D5BF7}.Release|iPhoneSimulator.ActiveCfg = Release|iPhoneSimulator
		{A6AFC1E6-3628-4634-9F5E-CE50D65D5BF7}.Release|iPhoneSimulator.Build.0 = Release|iPhoneSimulator
		{A6AFC1E6-3628-4634-9F5E-CE50D65D5BF7}.Release|iPhoneSimulator.Deploy.0 = Release|iPhoneSimulator
		{DB20525C-B554-4A62-8D9E-124D09D0E4FA}.Debug|Any CPU.ActiveCfg = Debug|Any CPU
		{DB20525C-B554-4A62-8D9E-124D09D0E4FA}.Debug|Any CPU.Build.0 = Debug|Any CPU
		{DB20525C-B554-4A62-8D9E-124D09D0E4FA}.Debug|Any CPU.Deploy.0 = Debug|Any CPU
		{DB20525C-B554-4A62-8D9E-124D09D0E4FA}.Debug|iPhone.ActiveCfg = Debug|Any CPU
		{DB20525C-B554-4A62-8D9E-124D09D0E4FA}.Debug|iPhone.Build.0 = Debug|Any CPU
		{DB20525C-B554-4A62-8D9E-124D09D0E4FA}.Debug|iPhone.Deploy.0 = Debug|Any CPU
		{DB20525C-B554-4A62-8D9E-124D09D0E4FA}.Debug|iPhoneSimulator.ActiveCfg = Debug|Any CPU
		{DB20525C-B554-4A62-8D9E-124D09D0E4FA}.Debug|iPhoneSimulator.Build.0 = Debug|Any CPU
		{DB20525C-B554-4A62-8D9E-124D09D0E4FA}.Debug|iPhoneSimulator.Deploy.0 = Debug|Any CPU
		{DB20525C-B554-4A62-8D9E-124D09D0E4FA}.Release|Any CPU.ActiveCfg = Release|Any CPU
		{DB20525C-B554-4A62-8D9E-124D09D0E4FA}.Release|Any CPU.Build.0 = Release|Any CPU
		{DB20525C-B554-4A62-8D9E-124D09D0E4FA}.Release|Any CPU.Deploy.0 = Release|Any CPU
		{DB20525C-B554-4A62-8D9E-124D09D0E4FA}.Release|iPhone.ActiveCfg = Release|Any CPU
		{DB20525C-B554-4A62-8D9E-124D09D0E4FA}.Release|iPhone.Build.0 = Release|Any CPU
		{DB20525C-B554-4A62-8D9E-124D09D0E4FA}.Release|iPhone.Deploy.0 = Release|Any CPU
		{DB20525C-B554-4A62-8D9E-124D09D0E4FA}.Release|iPhoneSimulator.ActiveCfg = Release|Any CPU
		{DB20525C-B554-4A62-8D9E-124D09D0E4FA}.Release|iPhoneSimulator.Build.0 = Release|Any CPU
		{DB20525C-B554-4A62-8D9E-124D09D0E4FA}.Release|iPhoneSimulator.Deploy.0 = Release|Any CPU
	EndGlobalSection
	GlobalSection(SolutionProperties) = preSolution
		HideSolutionNode = FALSE
	EndGlobalSection
	GlobalSection(ExtensibilityGlobals) = postSolution
		SolutionGuid = {43475DD5-B74B-49E9-A6E0-33BB3ACA47AB}
	EndGlobalSection
EndGlobal
